
Microsoft Visual Studio Solution File, Format Version 12.00
# Visual Studio 15
VisualStudioVersion = 15.0.27004.2009
MinimumVisualStudioVersion = 10.0.40219.1
Project("{888888A0-9F3D-457C-B088-3A5042F75D52}") = "DJWebServer", "DJWebServer\DJWebServer.pyproj", "{A3F5C57F-EA4E-4FEF-8F69-5BC2783FE0B3}"
EndProject
Global
	GlobalSection(SolutionConfigurationPlatforms) = preSolution
		Debug|Any CPU = Debug|Any CPU
		Release|Any CPU = Release|Any CPU
	EndGlobalSection
	GlobalSection(ProjectConfigurationPlatforms) = postSolution
		{A3F5C57F-EA4E-4FEF-8F69-5BC2783FE0B3}.Debug|Any CPU.ActiveCfg = Debug|Any CPU
		{A3F5C57F-EA4E-4FEF-8F69-5BC2783FE0B3}.Debug|Any CPU.Build.0 = Debug|Any CPU
		{A3F5C57F-EA4E-4FEF-8F69-5BC2783FE0B3}.Release|Any CPU.ActiveCfg = Release|Any CPU
		{A3F5C57F-EA4E-4FEF-8F69-5BC2783FE0B3}.Release|Any CPU.Build.0 = Release|Any CPU
	EndGlobalSection
	GlobalSection(SolutionProperties) = preSolution
		HideSolutionNode = FALSE
	EndGlobalSection
	GlobalSection(ExtensibilityGlobals) = postSolution
		SolutionGuid = {7C1DA745-015C-4F9E-8953-84604AE69EAD}
	EndGlobalSection
EndGlobal
